
Microsoft Visual Studio Solution File, Format Version 12.00
# Visual Studio Version 17
VisualStudioVersion = 17.8.34330.188
MinimumVisualStudioVersion = 10.0.40219.1
Project("{9A19103F-16F7-4668-BE54-9A1E7A4F7556}") = "Tests", "Tests\Tests.csproj", "{778F74E6-4DD0-4D99-95B7-0F39FC047C18}"
EndProject
Project("{9A19103F-16F7-4668-BE54-9A1E7A4F7556}") = "TestAPI", "TestAPİ\TestAPI.csproj", "{971858FC-1DCD-4A97-8D97-0A9F9317F3E9}"
EndProject
Project("{9A19103F-16F7-4668-BE54-9A1E7A4F7556}") = "TestsLib", "TestsLib\TestsLib.csproj", "{67EE48EC-4FAB-4928-A160-25EC0AABC9FC}"
EndProject
Project("{FAE04EC0-301F-11D3-BF4B-00C04F79EFBC}") = "TestsApp", "TestsApp\TestsApp.csproj", "{B1906E24-0FA5-46F2-BBF0-14248655D6E5}"
EndProject
Global
	GlobalSection(SolutionConfigurationPlatforms) = preSolution
		Debug|Any CPU = Debug|Any CPU
		Release|Any CPU = Release|Any CPU
	EndGlobalSection
	GlobalSection(ProjectConfigurationPlatforms) = postSolution
		{778F74E6-4DD0-4D99-95B7-0F39FC047C18}.Debug|Any CPU.ActiveCfg = Debug|Any CPU
		{778F74E6-4DD0-4D99-95B7-0F39FC047C18}.Debug|Any CPU.Build.0 = Debug|Any CPU
		{778F74E6-4DD0-4D99-95B7-0F39FC047C18}.Release|Any CPU.ActiveCfg = Release|Any CPU
		{778F74E6-4DD0-4D99-95B7-0F39FC047C18}.Release|Any CPU.Build.0 = Release|Any CPU
		{971858FC-1DCD-4A97-8D97-0A9F9317F3E9}.Debug|Any CPU.ActiveCfg = Debug|Any CPU
		{971858FC-1DCD-4A97-8D97-0A9F9317F3E9}.Debug|Any CPU.Build.0 = Debug|Any CPU
		{971858FC-1DCD-4A97-8D97-0A9F9317F3E9}.Release|Any CPU.ActiveCfg = Release|Any CPU
		{971858FC-1DCD-4A97-8D97-0A9F9317F3E9}.Release|Any CPU.Build.0 = Release|Any CPU
		{67EE48EC-4FAB-4928-A160-25EC0AABC9FC}.Debug|Any CPU.ActiveCfg = Debug|Any CPU
		{67EE48EC-4FAB-4928-A160-25EC0AABC9FC}.Debug|Any CPU.Build.0 = Debug|Any CPU
		{67EE48EC-4FAB-4928-A160-25EC0AABC9FC}.Release|Any CPU.ActiveCfg = Release|Any CPU
		{67EE48EC-4FAB-4928-A160-25EC0AABC9FC}.Release|Any CPU.Build.0 = Release|Any CPU
		{B1906E24-0FA5-46F2-BBF0-14248655D6E5}.Debug|Any CPU.ActiveCfg = Debug|Any CPU
		{B1906E24-0FA5-46F2-BBF0-14248655D6E5}.Debug|Any CPU.Build.0 = Debug|Any CPU
		{B1906E24-0FA5-46F2-BBF0-14248655D6E5}.Release|Any CPU.ActiveCfg = Release|Any CPU
		{B1906E24-0FA5-46F2-BBF0-14248655D6E5}.Release|Any CPU.Build.0 = Release|Any CPU
	EndGlobalSection
	GlobalSection(SolutionProperties) = preSolution
		HideSolutionNode = FALSE
	EndGlobalSection
	GlobalSection(ExtensibilityGlobals) = postSolution
		SolutionGuid = {90A6EA71-D823-4A81-A599-D9DA4F37B5C2}
	EndGlobalSection
EndGlobal
